uuid: 8be4555a-c635-421a-9241-da1bb3b0ab47
langcode: en
status: false
dependencies:
  config:
    - views.view.who_s_online
  module:
    - views
  theme:
    - bartik
id: views_block__who_s_online_who_s_online_block
theme: bartik
region: sidebar_first
weight: 0
provider: null
plugin: 'views_block:who_s_online-who_s_online_block'
settings:
  id: 'views_block:who_s_online-who_s_online_block'
  label: ''
  provider: views
  label_display: visible
  views_label: ''
  items_per_page: none
visibility: {  }
